
Microsoft Visual Studio Solution File, Format Version 12.00
# Visual Studio Version 17
VisualStudioVersion = 17.6.33815.320
MinimumVisualStudioVersion = 10.0.40219.1
Project("{9A19103F-16F7-4668-BE54-9A1E7A4F7556}") = "IMRReader", "IMReader\IMRReader.csproj", "{2C647870-D523-4E26-A544-A01E0763F6B2}"
EndProject
Project("{FAE04EC0-301F-11D3-BF4B-00C04F79EFBC}") = "IMReader.Application", "IMReader.App\IMReader.Application.csproj", "{9A4FDBE9-545B-44FA-B57E-25316CCA22F6}"
EndProject
Project("{FAE04EC0-301F-11D3-BF4B-00C04F79EFBC}") = "IMRReader.Domain", "IMRReader.Domain\IMRReader.Domain.csproj", "{09CC7ABC-257A-480A-9404-E3B0867B9769}"
EndProject
Global
	GlobalSection(SolutionConfigurationPlatforms) = preSolution
		Debug|Any CPU = Debug|Any CPU
		Release|Any CPU = Release|Any CPU
	EndGlobalSection
	GlobalSection(ProjectConfigurationPlatforms) = postSolution
		{2C647870-D523-4E26-A544-A01E0763F6B2}.Debug|Any CPU.ActiveCfg = Debug|Any CPU
		{2C647870-D523-4E26-A544-A01E0763F6B2}.Debug|Any CPU.Build.0 = Debug|Any CPU
		{2C647870-D523-4E26-A544-A01E0763F6B2}.Release|Any CPU.ActiveCfg = Release|Any CPU
		{2C647870-D523-4E26-A544-A01E0763F6B2}.Release|Any CPU.Build.0 = Release|Any CPU
		{9A4FDBE9-545B-44FA-B57E-25316CCA22F6}.Debug|Any CPU.ActiveCfg = Debug|Any CPU
		{9A4FDBE9-545B-44FA-B57E-25316CCA22F6}.Debug|Any CPU.Build.0 = Debug|Any CPU
		{9A4FDBE9-545B-44FA-B57E-25316CCA22F6}.Release|Any CPU.ActiveCfg = Release|Any CPU
		{9A4FDBE9-545B-44FA-B57E-25316CCA22F6}.Release|Any CPU.Build.0 = Release|Any CPU
		{09CC7ABC-257A-480A-9404-E3B0867B9769}.Debug|Any CPU.ActiveCfg = Debug|Any CPU
		{09CC7ABC-257A-480A-9404-E3B0867B9769}.Debug|Any CPU.Build.0 = Debug|Any CPU
		{09CC7ABC-257A-480A-9404-E3B0867B9769}.Release|Any CPU.ActiveCfg = Release|Any CPU
		{09CC7ABC-257A-480A-9404-E3B0867B9769}.Release|Any CPU.Build.0 = Release|Any CPU
	EndGlobalSection
	GlobalSection(SolutionProperties) = preSolution
		HideSolutionNode = FALSE
	EndGlobalSection
	GlobalSection(ExtensibilityGlobals) = postSolution
		SolutionGuid = {32C1DACA-69F8-48FB-9685-DEDEE8BF1C22}
	EndGlobalSection
EndGlobal
